// !$*UTF8*$!
{
	archiveVersion = 1;
	classes = {
	};
	objectVersion = 50;
	objects = {

/* Begin PBXBuildFile section */
		527D6F51D0C6E4D77384ED17 /* libPods-NHFCustomWidgets.a in Frameworks */ = {isa = PBXBuildFile; fileRef = 058680B22B663F52F1D296D0 /* libPods-NHFCustomWidgets.a */; };
		8921E6412272BE4500460D7C /* NHFTimer.m in Sources */ = {isa = PBXBuildFile; fileRef = 8921E63C2272BE4500460D7C /* NHFTimer.m */; };
		892B28CB2160AB840074708A /* NHFWindowView.m in Sources */ = {isa = PBXBuildFile; fileRef = 892B28C92160AB840074708A /* NHFWindowView.m */; };
		8933FBEC22A606AF007825EF /* UITextField+Attribute.m in Sources */ = {isa = PBXBuildFile; fileRef = 8933FBEB22A606AF007825EF /* UITextField+Attribute.m */; };
		89415050227E85C400003A8B /* NHFKeychainTool.m in Sources */ = {isa = PBXBuildFile; fileRef = 8941504F227E85C400003A8B /* NHFKeychainTool.m */; };
		894D4599215DB46D00AF32C4 /* NHFSynService.m in Sources */ = {isa = PBXBuildFile; fileRef = 894D4598215DB46D00AF32C4 /* NHFSynService.m */; };
		895468D42286D2F4002096AC /* NHFMemoryObjectCache.m in Sources */ = {isa = PBXBuildFile; fileRef = 895468D32286D2F4002096AC /* NHFMemoryObjectCache.m */; };
		89569E692177332B00171F02 /* NHFELCycleVerticalView.m in Sources */ = {isa = PBXBuildFile; fileRef = 89569E672177332B00171F02 /* NHFELCycleVerticalView.m */; };
		8959267F21490ED60088FD94 /* AppDelegate.m in Sources */ = {isa = PBXBuildFile; fileRef = 8959267E21490ED60088FD94 /* AppDelegate.m */; };
		8959268221490ED60088FD94 /* ViewController.m in Sources */ = {isa = PBXBuildFile; fileRef = 8959268121490ED60088FD94 /* ViewController.m */; };
		8959268521490ED60088FD94 /* Main.storyboard in Resources */ = {isa = PBXBuildFile; fileRef = 8959268321490ED60088FD94 /* Main.storyboard */; };
		8959268721490ED80088FD94 /* Assets.xcassets in Resources */ = {isa = PBXBuildFile; fileRef = 8959268621490ED80088FD94 /* Assets.xcassets */; };
		8959268A21490ED80088FD94 /* LaunchScreen.storyboard in Resources */ = {isa = PBXBuildFile; fileRef = 8959268821490ED80088FD94 /* LaunchScreen.storyboard */; };
		8959268D21490ED80088FD94 /* main.m in Sources */ = {isa = PBXBuildFile; fileRef = 8959268C21490ED80088FD94 /* main.m */; };
		8959269821490F200088FD94 /* UIButton+NHFBlock.m in Sources */ = {isa = PBXBuildFile; fileRef = 8959269721490F200088FD94 /* UIButton+NHFBlock.m */; };
		897CD0CE21731D440026E0DC /* NHFImageTableViewCell.m in Sources */ = {isa = PBXBuildFile; fileRef = 897CD0CB21731D440026E0DC /* NHFImageTableViewCell.m */; };
		897CD0CF21731D440026E0DC /* NHFImageTableViewCell.xib in Resources */ = {isa = PBXBuildFile; fileRef = 897CD0CC21731D440026E0DC /* NHFImageTableViewCell.xib */; };
		897EE7AC214F6CE9009003C7 /* NHFSearchView.m in Sources */ = {isa = PBXBuildFile; fileRef = 897EE7AB214F6CE9009003C7 /* NHFSearchView.m */; };
		8980F74A21745A8000602720 /* UITableViewCell+Custom.m in Sources */ = {isa = PBXBuildFile; fileRef = 8980F74921745A8000602720 /* UITableViewCell+Custom.m */; };
		89BF0CC72272D067004B7A86 /* NHFCycleView.m in Sources */ = {isa = PBXBuildFile; fileRef = 89BF0CC52272D067004B7A86 /* NHFCycleView.m */; };
		89EC873222F5786A00DA9913 /* BaseView.m in Sources */ = {isa = PBXBuildFile; fileRef = 89EC871F22F5786A00DA9913 /* BaseView.m */; };
		89EC873322F5786A00DA9913 /* BaseWKWebViewController.m in Sources */ = {isa = PBXBuildFile; fileRef = 89EC872222F5786A00DA9913 /* BaseWKWebViewController.m */; };
		89EC873422F5786A00DA9913 /* BaseViewController.m in Sources */ = {isa = PBXBuildFile; fileRef = 89EC872522F5786A00DA9913 /* BaseViewController.m */; };
		89EC873522F5786A00DA9913 /* BaseTableViewController.m in Sources */ = {isa = PBXBuildFile; fileRef = 89EC872722F5786A00DA9913 /* BaseTableViewController.m */; };
		89EC873622F5786A00DA9913 /* BaseTableViewCell.m in Sources */ = {isa = PBXBuildFile; fileRef = 89EC872B22F5786A00DA9913 /* BaseTableViewCell.m */; };
		89EC873722F5786A00DA9913 /* BaseNavigationController.m in Sources */ = {isa = PBXBuildFile; fileRef = 89EC872E22F5786A00DA9913 /* BaseNavigationController.m */; };
		89EC873822F5786B00DA9913 /* BaseObject.m in Sources */ = {isa = PBXBuildFile; fileRef = 89EC873122F5786A00DA9913 /* BaseObject.m */; };
		89EC873E22F58D3100DA9913 /* NHFUpLoadImages.m in Sources */ = {isa = PBXBuildFile; fileRef = 89EC873C22F58D3100DA9913 /* NHFUpLoadImages.m */; };
		89EC873F22F58D3100DA9913 /* NHFDownImages.m in Sources */ = {isa = PBXBuildFile; fileRef = 89EC873D22F58D3100DA9913 /* NHFDownImages.m */; };
		89EC874322F5932200DA9913 /* UIButtonMS.m in Sources */ = {isa = PBXBuildFile; fileRef = 89EC874222F5932200DA9913 /* UIButtonMS.m */; };
		89EC874622F5934600DA9913 /* UIButton+CenterImageAndTitle.m in Sources */ = {isa = PBXBuildFile; fileRef = 89EC874422F5934500DA9913 /* UIButton+CenterImageAndTitle.m */; };
		89EC874B22F593B300DA9913 /* UIBarButtonItem+Badge.m in Sources */ = {isa = PBXBuildFile; fileRef = 89EC874722F593B300DA9913 /* UIBarButtonItem+Badge.m */; };
		89EC874C22F593B300DA9913 /* UIButton+Badge.m in Sources */ = {isa = PBXBuildFile; fileRef = 89EC874822F593B300DA9913 /* UIButton+Badge.m */; };
		89EC875222F593CD00DA9913 /* UIImageView+ZFBadge.m in Sources */ = {isa = PBXBuildFile; fileRef = 89EC874E22F593CD00DA9913 /* UIImageView+ZFBadge.m */; };
		89EC875322F593CD00DA9913 /* UIButton+ZFBadge.m in Sources */ = {isa = PBXBuildFile; fileRef = 89EC874F22F593CD00DA9913 /* UIButton+ZFBadge.m */; };
		89EC875722F594B000DA9913 /* JsonDeal.m in Sources */ = {isa = PBXBuildFile; fileRef = 89EC875622F594B000DA9913 /* JsonDeal.m */; };
		89EC875F22F5951A00DA9913 /* NSString+unit.m in Sources */ = {isa = PBXBuildFile; fileRef = 89EC875D22F5951A00DA9913 /* NSString+unit.m */; };
		89EC876322F5956A00DA9913 /* UILabel+unit.m in Sources */ = {isa = PBXBuildFile; fileRef = 89EC876122F5956900DA9913 /* UILabel+unit.m */; };
		89EC876722F5959F00DA9913 /* UIView+ViewController.m in Sources */ = {isa = PBXBuildFile; fileRef = 89EC876522F5959F00DA9913 /* UIView+ViewController.m */; };
/* End PBXBuildFile section */

/* Begin PBXFileReference section */
		058680B22B663F52F1D296D0 /* libPods-NHFCustomWidgets.a */ = {isa = PBXFileReference; explicitFileType = archive.ar; includeInIndex = 0; path = "libPods-NHFCustomWidgets.a"; sourceTree = BUILT_PRODUCTS_DIR; };
		8921E63C2272BE4500460D7C /* NHFTimer.m */ = {isa = PBXFileReference; fileEncoding = 4; lastKnownFileType = sourcecode.c.objc; path = NHFTimer.m; sourceTree = "<group>"; };
		8921E63D2272BE4500460D7C /* NHFTimer.h */ = {isa = PBXFileReference; fileEncoding = 4; lastKnownFileType = sourcecode.c.h; path = NHFTimer.h; sourceTree = "<group>"; };
		892B28C92160AB840074708A /* NHFWindowView.m */ = {isa = PBXFileReference; fileEncoding = 4; lastKnownFileType = sourcecode.c.objc; path = NHFWindowView.m; sourceTree = "<group>"; };
		892B28CA2160AB840074708A /* NHFWindowView.h */ = {isa = PBXFileReference; fileEncoding = 4; lastKnownFileType = sourcecode.c.h; path = NHFWindowView.h; sourceTree = "<group>"; };
		8933FBEA22A606AF007825EF /* UITextField+Attribute.h */ = {isa = PBXFileReference; fileEncoding = 4; lastKnownFileType = sourcecode.c.h; path = "UITextField+Attribute.h"; sourceTree = "<group>"; };
		8933FBEB22A606AF007825EF /* UITextField+Attribute.m */ = {isa = PBXFileReference; fileEncoding = 4; lastKnownFileType = sourcecode.c.objc; path = "UITextField+Attribute.m"; sourceTree = "<group>"; };
		8941504E227E85C400003A8B /* NHFKeychainTool.h */ = {isa = PBXFileReference; lastKnownFileType = sourcecode.c.h; path = NHFKeychainTool.h; sourceTree = "<group>"; };
		8941504F227E85C400003A8B /* NHFKeychainTool.m */ = {isa = PBXFileReference; lastKnownFileType = sourcecode.c.objc; path = NHFKeychainTool.m; sourceTree = "<group>"; };
		894D4597215DB46D00AF32C4 /* NHFSynService.h */ = {isa = PBXFileReference; fileEncoding = 4; lastKnownFileType = sourcecode.c.h; path = NHFSynService.h; sourceTree = "<group>"; };
		894D4598215DB46D00AF32C4 /* NHFSynService.m */ = {isa = PBXFileReference; fileEncoding = 4; lastKnownFileType = sourcecode.c.objc; path = NHFSynService.m; sourceTree = "<group>"; };
		895468D22286D2F4002096AC /* NHFMemoryObjectCache.h */ = {isa = PBXFileReference; lastKnownFileType = sourcecode.c.h; path = NHFMemoryObjectCache.h; sourceTree = "<group>"; };
		895468D32286D2F4002096AC /* NHFMemoryObjectCache.m */ = {isa = PBXFileReference; lastKnownFileType = sourcecode.c.objc; path = NHFMemoryObjectCache.m; sourceTree = "<group>"; };
		89569E672177332B00171F02 /* NHFELCycleVerticalView.m */ = {isa = PBXFileReference; fileEncoding = 4; lastKnownFileType = sourcecode.c.objc; path = NHFELCycleVerticalView.m; sourceTree = "<group>"; };
		89569E682177332B00171F02 /* NHFELCycleVerticalView.h */ = {isa = PBXFileReference; fileEncoding = 4; lastKnownFileType = sourcecode.c.h; path = NHFELCycleVerticalView.h; sourceTree = "<group>"; };
		8959267A21490ED60088FD94 /* NHFCustomWidgets.app */ = {isa = PBXFileReference; explicitFileType = wrapper.application; includeInIndex = 0; path = NHFCustomWidgets.app; sourceTree = BUILT_PRODUCTS_DIR; };
		8959267D21490ED60088FD94 /* AppDelegate.h */ = {isa = PBXFileReference; lastKnownFileType = sourcecode.c.h; path = AppDelegate.h; sourceTree = "<group>"; };
		8959267E21490ED60088FD94 /* AppDelegate.m */ = {isa = PBXFileReference; lastKnownFileType = sourcecode.c.objc; path = AppDelegate.m; sourceTree = "<group>"; };
		8959268021490ED60088FD94 /* ViewController.h */ = {isa = PBXFileReference; lastKnownFileType = sourcecode.c.h; path = ViewController.h; sourceTree = "<group>"; };
		8959268121490ED60088FD94 /* ViewController.m */ = {isa = PBXFileReference; lastKnownFileType = sourcecode.c.objc; path = ViewController.m; sourceTree = "<group>"; };
		8959268421490ED60088FD94 /* Base */ = {isa = PBXFileReference; lastKnownFileType = file.storyboard; name = Base; path = Base.lproj/Main.storyboard; sourceTree = "<group>"; };
		8959268621490ED80088FD94 /* Assets.xcassets */ = {isa = PBXFileReference; lastKnownFileType = folder.assetcatalog; path = Assets.xcassets; sourceTree = "<group>"; };
		8959268921490ED80088FD94 /* Base */ = {isa = PBXFileReference; lastKnownFileType = file.storyboard; name = Base; path = Base.lproj/LaunchScreen.storyboard; sourceTree = "<group>"; };
		8959268B21490ED80088FD94 /* Info.plist */ = {isa = PBXFileReference; lastKnownFileType = text.plist.xml; path = Info.plist; sourceTree = "<group>"; };
		8959268C21490ED80088FD94 /* main.m */ = {isa = PBXFileReference; lastKnownFileType = sourcecode.c.objc; path = main.m; sourceTree = "<group>"; };
		8959269621490F200088FD94 /* UIButton+NHFBlock.h */ = {isa = PBXFileReference; lastKnownFileType = sourcecode.c.h; path = "UIButton+NHFBlock.h"; sourceTree = "<group>"; };
		8959269721490F200088FD94 /* UIButton+NHFBlock.m */ = {isa = PBXFileReference; lastKnownFileType = sourcecode.c.objc; path = "UIButton+NHFBlock.m"; sourceTree = "<group>"; };
		8959269A21491A940088FD94 /* NHFCustomWidgetsSetting.h */ = {isa = PBXFileReference; lastKnownFileType = sourcecode.c.h; path = NHFCustomWidgetsSetting.h; sourceTree = "<group>"; };
		897CD0CB21731D440026E0DC /* NHFImageTableViewCell.m */ = {isa = PBXFileReference; fileEncoding = 4; lastKnownFileType = sourcecode.c.objc; path = NHFImageTableViewCell.m; sourceTree = "<group>"; };
		897CD0CC21731D440026E0DC /* NHFImageTableViewCell.xib */ = {isa = PBXFileReference; fileEncoding = 4; lastKnownFileType = file.xib; path = NHFImageTableViewCell.xib; sourceTree = "<group>"; };
		897CD0CD21731D440026E0DC /* NHFImageTableViewCell.h */ = {isa = PBXFileReference; fileEncoding = 4; lastKnownFileType = sourcecode.c.h; path = NHFImageTableViewCell.h; sourceTree = "<group>"; };
		897EE7AA214F6CE9009003C7 /* NHFSearchView.h */ = {isa = PBXFileReference; lastKnownFileType = sourcecode.c.h; path = NHFSearchView.h; sourceTree = "<group>"; };
		897EE7AB214F6CE9009003C7 /* NHFSearchView.m */ = {isa = PBXFileReference; lastKnownFileType = sourcecode.c.objc; path = NHFSearchView.m; sourceTree = "<group>"; };
		8980F74821745A8000602720 /* UITableViewCell+Custom.h */ = {isa = PBXFileReference; lastKnownFileType = sourcecode.c.h; path = "UITableViewCell+Custom.h"; sourceTree = "<group>"; };
		8980F74921745A8000602720 /* UITableViewCell+Custom.m */ = {isa = PBXFileReference; lastKnownFileType = sourcecode.c.objc; path = "UITableViewCell+Custom.m"; sourceTree = "<group>"; };
		89B655AA21E09C770079073E /* NHFMacroDefinition.h */ = {isa = PBXFileReference; fileEncoding = 4; lastKnownFileType = sourcecode.c.h; path = NHFMacroDefinition.h; sourceTree = "<group>"; };
		89BF0CC52272D067004B7A86 /* NHFCycleView.m */ = {isa = PBXFileReference; fileEncoding = 4; lastKnownFileType = sourcecode.c.objc; path = NHFCycleView.m; sourceTree = "<group>"; };
		89BF0CC62272D067004B7A86 /* NHFCycleView.h */ = {isa = PBXFileReference; fileEncoding = 4; lastKnownFileType = sourcecode.c.h; path = NHFCycleView.h; sourceTree = "<group>"; };
		89EC871E22F5786A00DA9913 /* BaseView.h */ = {isa = PBXFileReference; fileEncoding = 4; lastKnownFileType = sourcecode.c.h; path = BaseView.h; sourceTree = "<group>"; };
		89EC871F22F5786A00DA9913 /* BaseView.m */ = {isa = PBXFileReference; fileEncoding = 4; lastKnownFileType = sourcecode.c.objc; path = BaseView.m; sourceTree = "<group>"; };
		89EC872122F5786A00DA9913 /* BaseWKWebViewController.h */ = {isa = PBXFileReference; fileEncoding = 4; lastKnownFileType = sourcecode.c.h; path = BaseWKWebViewController.h; sourceTree = "<group>"; };
		89EC872222F5786A00DA9913 /* BaseWKWebViewController.m */ = {isa = PBXFileReference; fileEncoding = 4; lastKnownFileType = sourcecode.c.objc; path = BaseWKWebViewController.m; sourceTree = "<group>"; };
		89EC872422F5786A00DA9913 /* BaseViewController.h */ = {isa = PBXFileReference; fileEncoding = 4; lastKnownFileType = sourcecode.c.h; path = BaseViewController.h; sourceTree = "<group>"; };
		89EC872522F5786A00DA9913 /* BaseViewController.m */ = {isa = PBXFileReference; fileEncoding = 4; lastKnownFileType = sourcecode.c.objc; path = BaseViewController.m; sourceTree = "<group>"; };
		89EC872722F5786A00DA9913 /* BaseTableViewController.m */ = {isa = PBXFileReference; fileEncoding = 4; lastKnownFileType = sourcecode.c.objc; path = BaseTableViewController.m; sourceTree = "<group>"; };
		89EC872822F5786A00DA9913 /* BaseTableViewController.h */ = {isa = PBXFileReference; fileEncoding = 4; lastKnownFileType = sourcecode.c.h; path = BaseTableViewController.h; sourceTree = "<group>"; };
		89EC872A22F5786A00DA9913 /* BaseTableViewCell.h */ = {isa = PBXFileReference; fileEncoding = 4; lastKnownFileType = sourcecode.c.h; path = BaseTableViewCell.h; sourceTree = "<group>"; };
		89EC872B22F5786A00DA9913 /* BaseTableViewCell.m */ = {isa = PBXFileReference; fileEncoding = 4; lastKnownFileType = sourcecode.c.objc; path = BaseTableViewCell.m; sourceTree = "<group>"; };
		89EC872D22F5786A00DA9913 /* BaseNavigationController.h */ = {isa = PBXFileReference; fileEncoding = 4; lastKnownFileType = sourcecode.c.h; path = BaseNavigationController.h; sourceTree = "<group>"; };
		89EC872E22F5786A00DA9913 /* BaseNavigationController.m */ = {isa = PBXFileReference; fileEncoding = 4; lastKnownFileType = sourcecode.c.objc; path = BaseNavigationController.m; sourceTree = "<group>"; };
		89EC873022F5786A00DA9913 /* BaseObject.h */ = {isa = PBXFileReference; fileEncoding = 4; lastKnownFileType = sourcecode.c.h; path = BaseObject.h; sourceTree = "<group>"; };
		89EC873122F5786A00DA9913 /* BaseObject.m */ = {isa = PBXFileReference; fileEncoding = 4; lastKnownFileType = sourcecode.c.objc; path = BaseObject.m; sourceTree = "<group>"; };
		89EC873A22F58D3100DA9913 /* NHFUpLoadImages.h */ = {isa = PBXFileReference; fileEncoding = 4; lastKnownFileType = sourcecode.c.h; path = NHFUpLoadImages.h; sourceTree = "<group>"; };
		89EC873B22F58D3100DA9913 /* NHFDownImages.h */ = {isa = PBXFileReference; fileEncoding = 4; lastKnownFileType = sourcecode.c.h; path = NHFDownImages.h; sourceTree = "<group>"; };
		89EC873C22F58D3100DA9913 /* NHFUpLoadImages.m */ = {isa = PBXFileReference; fileEncoding = 4; lastKnownFileType = sourcecode.c.objc; path = NHFUpLoadImages.m; sourceTree = "<group>"; };
		89EC873D22F58D3100DA9913 /* NHFDownImages.m */ = {isa = PBXFileReference; fileEncoding = 4; lastKnownFileType = sourcecode.c.objc; path = NHFDownImages.m; sourceTree = "<group>"; };
		89EC874122F5932200DA9913 /* UIButtonMS.h */ = {isa = PBXFileReference; fileEncoding = 4; lastKnownFileType = sourcecode.c.h; path = UIButtonMS.h; sourceTree = "<group>"; };
		89EC874222F5932200DA9913 /* UIButtonMS.m */ = {isa = PBXFileReference; fileEncoding = 4; lastKnownFileType = sourcecode.c.objc; path = UIButtonMS.m; sourceTree = "<group>"; };
		89EC874422F5934500DA9913 /* UIButton+CenterImageAndTitle.m */ = {isa = PBXFileReference; fileEncoding = 4; lastKnownFileType = sourcecode.c.objc; path = "UIButton+CenterImageAndTitle.m"; sourceTree = "<group>"; };
		89EC874522F5934500DA9913 /* UIButton+CenterImageAndTitle.h */ = {isa = PBXFileReference; fileEncoding = 4; lastKnownFileType = sourcecode.c.h; path = "UIButton+CenterImageAndTitle.h"; sourceTree = "<group>"; };
		89EC874722F593B300DA9913 /* UIBarButtonItem+Badge.m */ = {isa = PBXFileReference; fileEncoding = 4; lastKnownFileType = sourcecode.c.objc; path = "UIBarButtonItem+Badge.m"; sourceTree = "<group>"; };
		89EC874822F593B300DA9913 /* UIButton+Badge.m */ = {isa = PBXFileReference; fileEncoding = 4; lastKnownFileType = sourcecode.c.objc; path = "UIButton+Badge.m"; sourceTree = "<group>"; };
		89EC874922F593B300DA9913 /* UIBarButtonItem+Badge.h */ = {isa = PBXFileReference; fileEncoding = 4; lastKnownFileType = sourcecode.c.h; path = "UIBarButtonItem+Badge.h"; sourceTree = "<group>"; };
		89EC874A22F593B300DA9913 /* UIButton+Badge.h */ = {isa = PBXFileReference; fileEncoding = 4; lastKnownFileType = sourcecode.c.h; path = "UIButton+Badge.h"; sourceTree = "<group>"; };
		89EC874E22F593CD00DA9913 /* UIImageView+ZFBadge.m */ = {isa = PBXFileReference; fileEncoding = 4; lastKnownFileType = sourcecode.c.objc; path = "UIImageView+ZFBadge.m"; sourceTree = "<group>"; };
		89EC874F22F593CD00DA9913 /* UIButton+ZFBadge.m */ = {isa = PBXFileReference; fileEncoding = 4; lastKnownFileType = sourcecode.c.objc; path = "UIButton+ZFBadge.m"; sourceTree = "<group>"; };
		89EC875022F593CD00DA9913 /* UIImageView+ZFBadge.h */ = {isa = PBXFileReference; fileEncoding = 4; lastKnownFileType = sourcecode.c.h; path = "UIImageView+ZFBadge.h"; sourceTree = "<group>"; };
		89EC875122F593CD00DA9913 /* UIButton+ZFBadge.h */ = {isa = PBXFileReference; fileEncoding = 4; lastKnownFileType = sourcecode.c.h; path = "UIButton+ZFBadge.h"; sourceTree = "<group>"; };
		89EC875522F594B000DA9913 /* JsonDeal.h */ = {isa = PBXFileReference; fileEncoding = 4; lastKnownFileType = sourcecode.c.h; path = JsonDeal.h; sourceTree = "<group>"; };
		89EC875622F594B000DA9913 /* JsonDeal.m */ = {isa = PBXFileReference; fileEncoding = 4; lastKnownFileType = sourcecode.c.objc; path = JsonDeal.m; sourceTree = "<group>"; };
		89EC875D22F5951A00DA9913 /* NSString+unit.m */ = {isa = PBXFileReference; fileEncoding = 4; lastKnownFileType = sourcecode.c.objc; path = "NSString+unit.m"; sourceTree = "<group>"; };
		89EC875E22F5951A00DA9913 /* NSString+unit.h */ = {isa = PBXFileReference; fileEncoding = 4; lastKnownFileType = sourcecode.c.h; path = "NSString+unit.h"; sourceTree = "<group>"; };
		89EC876122F5956900DA9913 /* UILabel+unit.m */ = {isa = PBXFileReference; fileEncoding = 4; lastKnownFileType = sourcecode.c.objc; path = "UILabel+unit.m"; sourceTree = "<group>"; };
		89EC876222F5956900DA9913 /* UILabel+unit.h */ = {isa = PBXFileReference; fileEncoding = 4; lastKnownFileType = sourcecode.c.h; path = "UILabel+unit.h"; sourceTree = "<group>"; };
		89EC876522F5959F00DA9913 /* UIView+ViewController.m */ = {isa = PBXFileReference; fileEncoding = 4; lastKnownFileType = sourcecode.c.objc; path = "UIView+ViewController.m"; sourceTree = "<group>"; };
		89EC876622F5959F00DA9913 /* UIView+ViewController.h */ = {isa = PBXFileReference; fileEncoding = 4; lastKnownFileType = sourcecode.c.h; path = "UIView+ViewController.h"; sourceTree = "<group>"; };
		89EC876922F595FA00DA9913 /* SNDefines.h */ = {isa = PBXFileReference; fileEncoding = 4; lastKnownFileType = sourcecode.c.h; path = SNDefines.h; sourceTree = "<group>"; };
		A6CC9707AF637242A3EFD497 /* Pods-NHFCustomWidgets.release.xcconfig */ = {isa = PBXFileReference; includeInIndex = 1; lastKnownFileType = text.xcconfig; name = "Pods-NHFCustomWidgets.release.xcconfig"; path = "Pods/Target Support Files/Pods-NHFCustomWidgets/Pods-NHFCustomWidgets.release.xcconfig"; sourceTree = "<group>"; };
		E098ACDD343B669D61E16754 /* Pods-NHFCustomWidgets.debug.xcconfig */ = {isa = PBXFileReference; includeInIndex = 1; lastKnownFileType = text.xcconfig; name = "Pods-NHFCustomWidgets.debug.xcconfig"; path = "Pods/Target Support Files/Pods-NHFCustomWidgets/Pods-NHFCustomWidgets.debug.xcconfig"; sourceTree = "<group>"; };
/* End PBXFileReference section */

/* Begin PBXFrameworksBuildPhase section */
		8959267721490ED60088FD94 /* Frameworks */ = {
			isa = PBXFrameworksBuildPhase;
			buildActionMask = 2147483647;
			files = (
				527D6F51D0C6E4D77384ED17 /* libPods-NHFCustomWidgets.a in Frameworks */,
			);
			runOnlyForDeploymentPostprocessing = 0;
		};
/* End PBXFrameworksBuildPhase section */

/* Begin PBXGroup section */
		8921E63B2272BE4500460D7C /* NHFTimer */ = {
			isa = PBXGroup;
			children = (
				8921E63C2272BE4500460D7C /* NHFTimer.m */,
				8921E63D2272BE4500460D7C /* NHFTimer.h */,
			);
			path = NHFTimer;
			sourceTree = "<group>";
		};
		892B28C82160AB840074708A /* NHFWindowView */ = {
			isa = PBXGroup;
			children = (
				892B28CA2160AB840074708A /* NHFWindowView.h */,
				892B28C92160AB840074708A /* NHFWindowView.m */,
			);
			path = NHFWindowView;
			sourceTree = "<group>";
		};
		8933FBE922A606AF007825EF /* UITextField+Attribute */ = {
			isa = PBXGroup;
			children = (
				8933FBEA22A606AF007825EF /* UITextField+Attribute.h */,
				8933FBEB22A606AF007825EF /* UITextField+Attribute.m */,
			);
			path = "UITextField+Attribute";
			sourceTree = "<group>";
		};
		8941504D227E85B300003A8B /* NHFKeychainTool */ = {
			isa = PBXGroup;
			children = (
				8941504E227E85C400003A8B /* NHFKeychainTool.h */,
				8941504F227E85C400003A8B /* NHFKeychainTool.m */,
			);
			path = NHFKeychainTool;
			sourceTree = "<group>";
		};
		894D4596215DB46D00AF32C4 /* NHFSynService */ = {
			isa = PBXGroup;
			children = (
				894D4597215DB46D00AF32C4 /* NHFSynService.h */,
				894D4598215DB46D00AF32C4 /* NHFSynService.m */,
			);
			path = NHFSynService;
			sourceTree = "<group>";
		};
		895468D12286D2C8002096AC /* NHFMemoryObjectCache */ = {
			isa = PBXGroup;
			children = (
				895468D22286D2F4002096AC /* NHFMemoryObjectCache.h */,
				895468D32286D2F4002096AC /* NHFMemoryObjectCache.m */,
			);
			path = NHFMemoryObjectCache;
			sourceTree = "<group>";
		};
		89569E662177332B00171F02 /* NHFELCycleVerticalView */ = {
			isa = PBXGroup;
			children = (
				89569E682177332B00171F02 /* NHFELCycleVerticalView.h */,
				89569E672177332B00171F02 /* NHFELCycleVerticalView.m */,
			);
			path = NHFELCycleVerticalView;
			sourceTree = "<group>";
		};
		8959267121490ED60088FD94 = {
			isa = PBXGroup;
			children = (
				8959269321490EDD0088FD94 /* Classes */,
				8959267C21490ED60088FD94 /* NHFCustomWidgets */,
				8959267B21490ED60088FD94 /* Products */,
				A1788ADFBC1D24FE408A18FD /* Frameworks */,
				F3031400D472498AF5AC55C1 /* Pods */,
			);
			sourceTree = "<group>";
		};
		8959267B21490ED60088FD94 /* Products */ = {
			isa = PBXGroup;
			children = (
				8959267A21490ED60088FD94 /* NHFCustomWidgets.app */,
			);
			name = Products;
			sourceTree = "<group>";
		};
		8959267C21490ED60088FD94 /* NHFCustomWidgets */ = {
			isa = PBXGroup;
			children = (
				8959267D21490ED60088FD94 /* AppDelegate.h */,
				8959267E21490ED60088FD94 /* AppDelegate.m */,
				8959268021490ED60088FD94 /* ViewController.h */,
				8959268121490ED60088FD94 /* ViewController.m */,
				8959268321490ED60088FD94 /* Main.storyboard */,
				8959268621490ED80088FD94 /* Assets.xcassets */,
				8959268821490ED80088FD94 /* LaunchScreen.storyboard */,
				8959268B21490ED80088FD94 /* Info.plist */,
				8959268C21490ED80088FD94 /* main.m */,
			);
			path = NHFCustomWidgets;
			sourceTree = "<group>";
		};
		8959269321490EDD0088FD94 /* Classes */ = {
			isa = PBXGroup;
			children = (
				89EC876822F595FA00DA9913 /* Other */,
				89EC876422F5959F00DA9913 /* UIView */,
				89EC876022F5956900DA9913 /* UILabel */,
				89EC875C22F5951A00DA9913 /* NSString */,
				89EC875422F594B000DA9913 /* JsonDeal */,
				89EC874D22F593CD00DA9913 /* ZFBadgeNumber */,
				89EC874022F5931500DA9913 /* Button */,
				89EC873922F58D3100DA9913 /* NHFUpLoadAndDownImages */,
				89EC871C22F5786A00DA9913 /* Base */,
				8933FBE922A606AF007825EF /* UITextField+Attribute */,
				895468D12286D2C8002096AC /* NHFMemoryObjectCache */,
				8941504D227E85B300003A8B /* NHFKeychainTool */,
				89BF0CC42272D067004B7A86 /* NHFCycleView */,
				8921E63B2272BE4500460D7C /* NHFTimer */,
				89B655A921E09C770079073E /* NHFMacroDefinition */,
				89569E662177332B00171F02 /* NHFELCycleVerticalView */,
				8980F74421745A4700602720 /* UITableViewCell+Custom */,
				897CD0CA21731D440026E0DC /* NHFImageTableViewCell */,
				892B28C82160AB840074708A /* NHFWindowView */,
				894D4596215DB46D00AF32C4 /* NHFSynService */,
				897EE7A9214F6CC0009003C7 /* SearchView */,
				8981B099214939B200D1E0A3 /* UIButton */,
				8959269A21491A940088FD94 /* NHFCustomWidgetsSetting.h */,
			);
			path = Classes;
			sourceTree = "<group>";
		};
		8959269421490EE90088FD94 /* UIButton+NHFBlock */ = {
			isa = PBXGroup;
			children = (
				8959269621490F200088FD94 /* UIButton+NHFBlock.h */,
				8959269721490F200088FD94 /* UIButton+NHFBlock.m */,
			);
			path = "UIButton+NHFBlock";
			sourceTree = "<group>";
		};
		897CD0CA21731D440026E0DC /* NHFImageTableViewCell */ = {
			isa = PBXGroup;
			children = (
				897CD0CD21731D440026E0DC /* NHFImageTableViewCell.h */,
				897CD0CB21731D440026E0DC /* NHFImageTableViewCell.m */,
				897CD0CC21731D440026E0DC /* NHFImageTableViewCell.xib */,
			);
			path = NHFImageTableViewCell;
			sourceTree = "<group>";
		};
		897EE7A9214F6CC0009003C7 /* SearchView */ = {
			isa = PBXGroup;
			children = (
				897EE7AA214F6CE9009003C7 /* NHFSearchView.h */,
				897EE7AB214F6CE9009003C7 /* NHFSearchView.m */,
			);
			path = SearchView;
			sourceTree = "<group>";
		};
		8980F74421745A4700602720 /* UITableViewCell+Custom */ = {
			isa = PBXGroup;
			children = (
				8980F74821745A8000602720 /* UITableViewCell+Custom.h */,
				8980F74921745A8000602720 /* UITableViewCell+Custom.m */,
			);
			path = "UITableViewCell+Custom";
			sourceTree = "<group>";
		};
		8981B099214939B200D1E0A3 /* UIButton */ = {
			isa = PBXGroup;
			children = (
				8959269421490EE90088FD94 /* UIButton+NHFBlock */,
			);
			path = UIButton;
			sourceTree = "<group>";
		};
		89B655A921E09C770079073E /* NHFMacroDefinition */ = {
			isa = PBXGroup;
			children = (
				89B655AA21E09C770079073E /* NHFMacroDefinition.h */,
			);
			path = NHFMacroDefinition;
			sourceTree = "<group>";
		};
		89BF0CC42272D067004B7A86 /* NHFCycleView */ = {
			isa = PBXGroup;
			children = (
				89BF0CC52272D067004B7A86 /* NHFCycleView.m */,
				89BF0CC62272D067004B7A86 /* NHFCycleView.h */,
			);
			path = NHFCycleView;
			sourceTree = "<group>";
		};
		89EC871C22F5786A00DA9913 /* Base */ = {
			isa = PBXGroup;
			children = (
				89EC871D22F5786A00DA9913 /* BaseView */,
				89EC872022F5786A00DA9913 /* BaseWKWebViewController */,
				89EC872322F5786A00DA9913 /* BaseViewController */,
				89EC872622F5786A00DA9913 /* BaseTableViewController */,
				89EC872922F5786A00DA9913 /* BaseTableViewCell */,
				89EC872C22F5786A00DA9913 /* BaseNavigationController */,
				89EC872F22F5786A00DA9913 /* BaseObject */,
			);
			path = Base;
			sourceTree = "<group>";
		};
		89EC871D22F5786A00DA9913 /* BaseView */ = {
			isa = PBXGroup;
			children = (
				89EC871E22F5786A00DA9913 /* BaseView.h */,
				89EC871F22F5786A00DA9913 /* BaseView.m */,
			);
			path = BaseView;
			sourceTree = "<group>";
		};
		89EC872022F5786A00DA9913 /* BaseWKWebViewController */ = {
			isa = PBXGroup;
			children = (
				89EC872122F5786A00DA9913 /* BaseWKWebViewController.h */,
				89EC872222F5786A00DA9913 /* BaseWKWebViewController.m */,
			);
			path = BaseWKWebViewController;
			sourceTree = "<group>";
		};
		89EC872322F5786A00DA9913 /* BaseViewController */ = {
			isa = PBXGroup;
			children = (
				89EC872422F5786A00DA9913 /* BaseViewController.h */,
				89EC872522F5786A00DA9913 /* BaseViewController.m */,
			);
			path = BaseViewController;
			sourceTree = "<group>";
		};
		89EC872622F5786A00DA9913 /* BaseTableViewController */ = {
			isa = PBXGroup;
			children = (
				89EC872722F5786A00DA9913 /* BaseTableViewController.m */,
				89EC872822F5786A00DA9913 /* BaseTableViewController.h */,
			);
			path = BaseTableViewController;
			sourceTree = "<group>";
		};
		89EC872922F5786A00DA9913 /* BaseTableViewCell */ = {
			isa = PBXGroup;
			children = (
				89EC872A22F5786A00DA9913 /* BaseTableViewCell.h */,
				89EC872B22F5786A00DA9913 /* BaseTableViewCell.m */,
			);
			path = BaseTableViewCell;
			sourceTree = "<group>";
		};
		89EC872C22F5786A00DA9913 /* BaseNavigationController */ = {
			isa = PBXGroup;
			children = (
				89EC872D22F5786A00DA9913 /* BaseNavigationController.h */,
				89EC872E22F5786A00DA9913 /* BaseNavigationController.m */,
			);
			path = BaseNavigationController;
			sourceTree = "<group>";
		};
		89EC872F22F5786A00DA9913 /* BaseObject */ = {
			isa = PBXGroup;
			children = (
				89EC873022F5786A00DA9913 /* BaseObject.h */,
				89EC873122F5786A00DA9913 /* BaseObject.m */,
			);
			path = BaseObject;
			sourceTree = "<group>";
		};
		89EC873922F58D3100DA9913 /* NHFUpLoadAndDownImages */ = {
			isa = PBXGroup;
			children = (
				89EC873A22F58D3100DA9913 /* NHFUpLoadImages.h */,
				89EC873B22F58D3100DA9913 /* NHFDownImages.h */,
				89EC873C22F58D3100DA9913 /* NHFUpLoadImages.m */,
				89EC873D22F58D3100DA9913 /* NHFDownImages.m */,
			);
			path = NHFUpLoadAndDownImages;
			sourceTree = "<group>";
		};
		89EC874022F5931500DA9913 /* Button */ = {
			isa = PBXGroup;
			children = (
				89EC874922F593B300DA9913 /* UIBarButtonItem+Badge.h */,
				89EC874722F593B300DA9913 /* UIBarButtonItem+Badge.m */,
				89EC874A22F593B300DA9913 /* UIButton+Badge.h */,
				89EC874822F593B300DA9913 /* UIButton+Badge.m */,
				89EC874522F5934500DA9913 /* UIButton+CenterImageAndTitle.h */,
				89EC874422F5934500DA9913 /* UIButton+CenterImageAndTitle.m */,
				89EC874122F5932200DA9913 /* UIButtonMS.h */,
				89EC874222F5932200DA9913 /* UIButtonMS.m */,
			);
			path = Button;
			sourceTree = "<group>";
		};
		89EC874D22F593CD00DA9913 /* ZFBadgeNumber */ = {
			isa = PBXGroup;
			children = (
				89EC874E22F593CD00DA9913 /* UIImageView+ZFBadge.m */,
				89EC874F22F593CD00DA9913 /* UIButton+ZFBadge.m */,
				89EC875022F593CD00DA9913 /* UIImageView+ZFBadge.h */,
				89EC875122F593CD00DA9913 /* UIButton+ZFBadge.h */,
			);
			path = ZFBadgeNumber;
			sourceTree = "<group>";
		};
		89EC875422F594B000DA9913 /* JsonDeal */ = {
			isa = PBXGroup;
			children = (
				89EC875522F594B000DA9913 /* JsonDeal.h */,
				89EC875622F594B000DA9913 /* JsonDeal.m */,
			);
			path = JsonDeal;
			sourceTree = "<group>";
		};
		89EC875C22F5951A00DA9913 /* NSString */ = {
			isa = PBXGroup;
			children = (
				89EC875D22F5951A00DA9913 /* NSString+unit.m */,
				89EC875E22F5951A00DA9913 /* NSString+unit.h */,
			);
			path = NSString;
			sourceTree = "<group>";
		};
		89EC876022F5956900DA9913 /* UILabel */ = {
			isa = PBXGroup;
			children = (
				89EC876122F5956900DA9913 /* UILabel+unit.m */,
				89EC876222F5956900DA9913 /* UILabel+unit.h */,
			);
			path = UILabel;
			sourceTree = "<group>";
		};
		89EC876422F5959F00DA9913 /* UIView */ = {
			isa = PBXGroup;
			children = (
				89EC876522F5959F00DA9913 /* UIView+ViewController.m */,
				89EC876622F5959F00DA9913 /* UIView+ViewController.h */,
			);
			path = UIView;
			sourceTree = "<group>";
		};
		89EC876822F595FA00DA9913 /* Other */ = {
			isa = PBXGroup;
			children = (
				89EC876922F595FA00DA9913 /* SNDefines.h */,
			);
			path = Other;
			sourceTree = "<group>";
		};
		A1788ADFBC1D24FE408A18FD /* Frameworks */ = {
			isa = PBXGroup;
			children = (
				058680B22B663F52F1D296D0 /* libPods-NHFCustomWidgets.a */,
			);
			name = Frameworks;
			sourceTree = "<group>";
		};
		F3031400D472498AF5AC55C1 /* Pods */ = {
			isa = PBXGroup;
			children = (
				E098ACDD343B669D61E16754 /* Pods-NHFCustomWidgets.debug.xcconfig */,
				A6CC9707AF637242A3EFD497 /* Pods-NHFCustomWidgets.release.xcconfig */,
			);
			name = Pods;
			sourceTree = "<group>";
		};
/* End PBXGroup section */

/* Begin PBXNativeTarget section */
		8959267921490ED60088FD94 /* NHFCustomWidgets */ = {
			isa = PBXNativeTarget;
			buildConfigurationList = 8959269021490ED80088FD94 /* Build configuration list for PBXNativeTarget "NHFCustomWidgets" */;
			buildPhases = (
				440DD3AF4B2A202696773FC0 /* [CP] Check Pods Manifest.lock */,
				8959267621490ED60088FD94 /* Sources */,
				8959267721490ED60088FD94 /* Frameworks */,
				8959267821490ED60088FD94 /* Resources */,
				3C528CEBABBDD09929071623 /* [CP] Copy Pods Resources */,
			);
			buildRules = (
			);
			dependencies = (
			);
			name = NHFCustomWidgets;
			productName = NHFCustomWidgets;
			productReference = 8959267A21490ED60088FD94 /* NHFCustomWidgets.app */;
			productType = "com.apple.product-type.application";
		};
/* End PBXNativeTarget section */

/* Begin PBXProject section */
		8959267221490ED60088FD94 /* Project object */ = {
			isa = PBXProject;
			attributes = {
				LastUpgradeCheck = 0940;
				ORGANIZATIONNAME = "网络科技";
				TargetAttributes = {
					8959267921490ED60088FD94 = {
						CreatedOnToolsVersion = 9.4.1;
					};
				};
			};
			buildConfigurationList = 8959267521490ED60088FD94 /* Build configuration list for PBXProject "NHFCustomWidgets" */;
			compatibilityVersion = "Xcode 9.3";
			developmentRegion = en;
			hasScannedForEncodings = 0;
			knownRegions = (
				en,
				Base,
			);
			mainGroup = 8959267121490ED60088FD94;
			productRefGroup = 8959267B21490ED60088FD94 /* Products */;
			projectDirPath = "";
			projectRoot = "";
			targets = (
				8959267921490ED60088FD94 /* NHFCustomWidgets */,
			);
		};
/* End PBXProject section */

/* Begin PBXResourcesBuildPhase section */
		8959267821490ED60088FD94 /* Resources */ = {
			isa = PBXResourcesBuildPhase;
			buildActionMask = 2147483647;
			files = (
				8959268A21490ED80088FD94 /* LaunchScreen.storyboard in Resources */,
				8959268721490ED80088FD94 /* Assets.xcassets in Resources */,
				8959268521490ED60088FD94 /* Main.storyboard in Resources */,
				897CD0CF21731D440026E0DC /* NHFImageTableViewCell.xib in Resources */,
			);
			runOnlyForDeploymentPostprocessing = 0;
		};
/* End PBXResourcesBuildPhase section */

/* Begin PBXShellScriptBuildPhase section */
		3C528CEBABBDD09929071623 /* [CP] Copy Pods Resources */ = {
			isa = PBXShellScriptBuildPhase;
			buildActionMask = 2147483647;
			files = (
			);
			inputFileListPaths = (
			);
			inputPaths = (
				"${PODS_ROOT}/Target Support Files/Pods-NHFCustomWidgets/Pods-NHFCustomWidgets-resources.sh",
				"${PODS_ROOT}/IQKeyboardManager/IQKeyboardManager/Resources/IQKeyboardManager.bundle",
				"${PODS_ROOT}/MJRefresh/MJRefresh/MJRefresh.bundle",
			);
			name = "[CP] Copy Pods Resources";
			outputFileListPaths = (
			);
			outputPaths = (
				"${TARGET_BUILD_DIR}/${UNLOCALIZED_RESOURCES_FOLDER_PATH}/IQKeyboardManager.bundle",
				"${TARGET_BUILD_DIR}/${UNLOCALIZED_RESOURCES_FOLDER_PATH}/MJRefresh.bundle",
			);
			runOnlyForDeploymentPostprocessing = 0;
			shellPath = /bin/sh;
			shellScript = "\"${PODS_ROOT}/Target Support Files/Pods-NHFCustomWidgets/Pods-NHFCustomWidgets-resources.sh\"\n";
			showEnvVarsInLog = 0;
		};
		440DD3AF4B2A202696773FC0 /* [CP] Check Pods Manifest.lock */ = {
			isa = PBXShellScriptBuildPhase;
			buildActionMask = 2147483647;
			files = (
			);
			inputPaths = (
				"${PODS_PODFILE_DIR_PATH}/Podfile.lock",
				"${PODS_ROOT}/Manifest.lock",
			);
			name = "[CP] Check Pods Manifest.lock";
			outputPaths = (
				"$(DERIVED_FILE_DIR)/Pods-NHFCustomWidgets-checkManifestLockResult.txt",
			);
			runOnlyForDeploymentPostprocessing = 0;
			shellPath = /bin/sh;
			shellScript = "diff \"${PODS_PODFILE_DIR_PATH}/Podfile.lock\" \"${PODS_ROOT}/Manifest.lock\" > /dev/null\nif [ $? != 0 ] ; then\n    # print error to STDERR\n    echo \"error: The sandbox is not in sync with the Podfile.lock. Run 'pod install' or update your CocoaPods installation.\" >&2\n    exit 1\nfi\n# This output is used by Xcode 'outputs' to avoid re-running this script phase.\necho \"SUCCESS\" > \"${SCRIPT_OUTPUT_FILE_0}\"\n";
			showEnvVarsInLog = 0;
		};
/* End PBXShellScriptBuildPhase section */

/* Begin PBXSourcesBuildPhase section */
		8959267621490ED60088FD94 /* Sources */ = {
			isa = PBXSourcesBuildPhase;
			buildActionMask = 2147483647;
			files = (
				89EC874322F5932200DA9913 /* UIButtonMS.m in Sources */,
				89EC873622F5786A00DA9913 /* BaseTableViewCell.m in Sources */,
				89BF0CC72272D067004B7A86 /* NHFCycleView.m in Sources */,
				89EC873422F5786A00DA9913 /* BaseViewController.m in Sources */,
				8933FBEC22A606AF007825EF /* UITextField+Attribute.m in Sources */,
				89EC875322F593CD00DA9913 /* UIButton+ZFBadge.m in Sources */,
				897EE7AC214F6CE9009003C7 /* NHFSearchView.m in Sources */,
				89EC876722F5959F00DA9913 /* UIView+ViewController.m in Sources */,
				89EC873522F5786A00DA9913 /* BaseTableViewController.m in Sources */,
				8959268221490ED60088FD94 /* ViewController.m in Sources */,
				89EC873822F5786B00DA9913 /* BaseObject.m in Sources */,
				89EC874622F5934600DA9913 /* UIButton+CenterImageAndTitle.m in Sources */,
				8959268D21490ED80088FD94 /* main.m in Sources */,
				89EC873722F5786A00DA9913 /* BaseNavigationController.m in Sources */,
				892B28CB2160AB840074708A /* NHFWindowView.m in Sources */,
				894D4599215DB46D00AF32C4 /* NHFSynService.m in Sources */,
				89EC875722F594B000DA9913 /* JsonDeal.m in Sources */,
				89EC873322F5786A00DA9913 /* BaseWKWebViewController.m in Sources */,
				89EC874C22F593B300DA9913 /* UIButton+Badge.m in Sources */,
				8959267F21490ED60088FD94 /* AppDelegate.m in Sources */,
				895468D42286D2F4002096AC /* NHFMemoryObjectCache.m in Sources */,
				89EC875222F593CD00DA9913 /* UIImageView+ZFBadge.m in Sources */,
				89415050227E85C400003A8B /* NHFKeychainTool.m in Sources */,
				8921E6412272BE4500460D7C /* NHFTimer.m in Sources */,
				89EC873222F5786A00DA9913 /* BaseView.m in Sources */,
				89EC875F22F5951A00DA9913 /* NSString+unit.m in Sources */,
				89EC876322F5956A00DA9913 /* UILabel+unit.m in Sources */,
				8959269821490F200088FD94 /* UIButton+NHFBlock.m in Sources */,
				89EC873E22F58D3100DA9913 /* NHFUpLoadImages.m in Sources */,
				89EC873F22F58D3100DA9913 /* NHFDownImages.m in Sources */,
				897CD0CE21731D440026E0DC /* NHFImageTableViewCell.m in Sources */,
				89EC874B22F593B300DA9913 /* UIBarButtonItem+Badge.m in Sources */,
				8980F74A21745A8000602720 /* UITableViewCell+Custom.m in Sources */,
				89569E692177332B00171F02 /* NHFELCycleVerticalView.m in Sources */,
			);
			runOnlyForDeploymentPostprocessing = 0;
		};
/* End PBXSourcesBuildPhase section */

/* Begin PBXVariantGroup section */
		8959268321490ED60088FD94 /* Main.storyboard */ = {
			isa = PBXVariantGroup;
			children = (
				8959268421490ED60088FD94 /* Base */,
			);
			name = Main.storyboard;
			sourceTree = "<group>";
		};
		8959268821490ED80088FD94 /* LaunchScreen.storyboard */ = {
			isa = PBXVariantGroup;
			children = (
				8959268921490ED80088FD94 /* Base */,
			);
			name = LaunchScreen.storyboard;
			sourceTree = "<group>";
		};
/* End PBXVariantGroup section */

/* Begin XCBuildConfiguration section */
		8959268E21490ED80088FD94 /* Debug */ = {
			isa = XCBuildConfiguration;
			buildSettings = {
				ALWAYS_SEARCH_USER_PATHS = NO;
				CLANG_ANALYZER_NONNULL = YES;
				CLANG_ANALYZER_NUMBER_OBJECT_CONVERSION = YES_AGGRESSIVE;
				CLANG_CXX_LANGUAGE_STANDARD = "gnu++14";
				CLANG_CXX_LIBRARY = "libc++";
				CLANG_ENABLE_MODULES = YES;
				CLANG_ENABLE_OBJC_ARC = YES;
				CLANG_ENABLE_OBJC_WEAK = YES;
				CLANG_WARN_BLOCK_CAPTURE_AUTORELEASING = YES;
				CLANG_WARN_BOOL_CONVERSION = YES;
				CLANG_WARN_COMMA = YES;
				CLANG_WARN_CONSTANT_CONVERSION = YES;
				CLANG_WARN_DEPRECATED_OBJC_IMPLEMENTATIONS = YES;
				CLANG_WARN_DIRECT_OBJC_ISA_USAGE = YES_ERROR;
				CLANG_WARN_DOCUMENTATION_COMMENTS = YES;
				CLANG_WARN_EMPTY_BODY = YES;
				CLANG_WARN_ENUM_CONVERSION = YES;
				CLANG_WARN_INFINITE_RECURSION = YES;
				CLANG_WARN_INT_CONVERSION = YES;
				CLANG_WARN_NON_LITERAL_NULL_CONVERSION = YES;
				CLANG_WARN_OBJC_IMPLICIT_RETAIN_SELF = YES;
				CLANG_WARN_OBJC_LITERAL_CONVERSION = YES;
				CLANG_WARN_OBJC_ROOT_CLASS = YES_ERROR;
				CLANG_WARN_RANGE_LOOP_ANALYSIS = YES;
				CLANG_WARN_STRICT_PROTOTYPES = YES;
				CLANG_WARN_SUSPICIOUS_MOVE = YES;
				CLANG_WARN_UNGUARDED_AVAILABILITY = YES_AGGRESSIVE;
				CLANG_WARN_UNREACHABLE_CODE = YES;
				CLANG_WARN__DUPLICATE_METHOD_MATCH = YES;
				CODE_SIGN_IDENTITY = "iPhone Developer";
				COPY_PHASE_STRIP = NO;
				DEBUG_INFORMATION_FORMAT = dwarf;
				ENABLE_STRICT_OBJC_MSGSEND = YES;
				ENABLE_TESTABILITY = YES;
				GCC_C_LANGUAGE_STANDARD = gnu11;
				GCC_DYNAMIC_NO_PIC = NO;
				GCC_NO_COMMON_BLOCKS = YES;
				GCC_OPTIMIZATION_LEVEL = 0;
				GCC_PREPROCESSOR_DEFINITIONS = (
					"DEBUG=1",
					"$(inherited)",
				);
				GCC_WARN_64_TO_32_BIT_CONVERSION = YES;
				GCC_WARN_ABOUT_RETURN_TYPE = YES_ERROR;
				GCC_WARN_UNDECLARED_SELECTOR = YES;
				GCC_WARN_UNINITIALIZED_AUTOS = YES_AGGRESSIVE;
				GCC_WARN_UNUSED_FUNCTION = YES;
				GCC_WARN_UNUSED_VARIABLE = YES;
				IPHONEOS_DEPLOYMENT_TARGET = 11.4;
				MTL_ENABLE_DEBUG_INFO = YES;
				ONLY_ACTIVE_ARCH = YES;
				SDKROOT = iphoneos;
			};
			name = Debug;
		};
		8959268F21490ED80088FD94 /* Release */ = {
			isa = XCBuildConfiguration;
			buildSettings = {
				ALWAYS_SEARCH_USER_PATHS = NO;
				CLANG_ANALYZER_NONNULL = YES;
				CLANG_ANALYZER_NUMBER_OBJECT_CONVERSION = YES_AGGRESSIVE;
				CLANG_CXX_LANGUAGE_STANDARD = "gnu++14";
				CLANG_CXX_LIBRARY = "libc++";
				CLANG_ENABLE_MODULES = YES;
				CLANG_ENABLE_OBJC_ARC = YES;
				CLANG_ENABLE_OBJC_WEAK = YES;
				CLANG_WARN_BLOCK_CAPTURE_AUTORELEASING = YES;
				CLANG_WARN_BOOL_CONVERSION = YES;
				CLANG_WARN_COMMA = YES;
				CLANG_WARN_CONSTANT_CONVERSION = YES;
				CLANG_WARN_DEPRECATED_OBJC_IMPLEMENTATIONS = YES;
				CLANG_WARN_DIRECT_OBJC_ISA_USAGE = YES_ERROR;
				CLANG_WARN_DOCUMENTATION_COMMENTS = YES;
				CLANG_WARN_EMPTY_BODY = YES;
				CLANG_WARN_ENUM_CONVERSION = YES;
				CLANG_WARN_INFINITE_RECURSION = YES;
				CLANG_WARN_INT_CONVERSION = YES;
				CLANG_WARN_NON_LITERAL_NULL_CONVERSION = YES;
				CLANG_WARN_OBJC_IMPLICIT_RETAIN_SELF = YES;
				CLANG_WARN_OBJC_LITERAL_CONVERSION = YES;
				CLANG_WARN_OBJC_ROOT_CLASS = YES_ERROR;
				CLANG_WARN_RANGE_LOOP_ANALYSIS = YES;
				CLANG_WARN_STRICT_PROTOTYPES = YES;
				CLANG_WARN_SUSPICIOUS_MOVE = YES;
				CLANG_WARN_UNGUARDED_AVAILABILITY = YES_AGGRESSIVE;
				CLANG_WARN_UNREACHABLE_CODE = YES;
				CLANG_WARN__DUPLICATE_METHOD_MATCH = YES;
				CODE_SIGN_IDENTITY = "iPhone Developer";
				COPY_PHASE_STRIP = NO;
				DEBUG_INFORMATION_FORMAT = "dwarf-with-dsym";
				ENABLE_NS_ASSERTIONS = NO;
				ENABLE_STRICT_OBJC_MSGSEND = YES;
				GCC_C_LANGUAGE_STANDARD = gnu11;
				GCC_NO_COMMON_BLOCKS = YES;
				GCC_WARN_64_TO_32_BIT_CONVERSION = YES;
				GCC_WARN_ABOUT_RETURN_TYPE = YES_ERROR;
				GCC_WARN_UNDECLARED_SELECTOR = YES;
				GCC_WARN_UNINITIALIZED_AUTOS = YES_AGGRESSIVE;
				GCC_WARN_UNUSED_FUNCTION = YES;
				GCC_WARN_UNUSED_VARIABLE = YES;
				IPHONEOS_DEPLOYMENT_TARGET = 11.4;
				MTL_ENABLE_DEBUG_INFO = NO;
				SDKROOT = iphoneos;
				VALIDATE_PRODUCT = YES;
			};
			name = Release;
		};
		8959269121490ED80088FD94 /* Debug */ = {
			isa = XCBuildConfiguration;
			baseConfigurationReference = E098ACDD343B669D61E16754 /* Pods-NHFCustomWidgets.debug.xcconfig */;
			buildSettings = {
				ASSETCATALOG_COMPILER_APPICON_NAME = AppIcon;
				CODE_SIGN_STYLE = Automatic;
				DEVELOPMENT_TEAM = DU5XLJ4CM8;
				INFOPLIST_FILE = NHFCustomWidgets/Info.plist;
				LD_RUNPATH_SEARCH_PATHS = (
					"$(inherited)",
					"@executable_path/Frameworks",
				);
				PRODUCT_BUNDLE_IDENTIFIER = com.nhf.NHFCustomWidgets;
				PRODUCT_NAME = "$(TARGET_NAME)";
				TARGETED_DEVICE_FAMILY = "1,2";
			};
			name = Debug;
		};
		8959269221490ED80088FD94 /* Release */ = {
			isa = XCBuildConfiguration;
			baseConfigurationReference = A6CC9707AF637242A3EFD497 /* Pods-NHFCustomWidgets.release.xcconfig */;
			buildSettings = {
				ASSETCATALOG_COMPILER_APPICON_NAME = AppIcon;
				CODE_SIGN_STYLE = Automatic;
				DEVELOPMENT_TEAM = DU5XLJ4CM8;
				INFOPLIST_FILE = NHFCustomWidgets/Info.plist;
				LD_RUNPATH_SEARCH_PATHS = (
					"$(inherited)",
					"@executable_path/Frameworks",
				);
				PRODUCT_BUNDLE_IDENTIFIER = com.nhf.NHFCustomWidgets;
				PRODUCT_NAME = "$(TARGET_NAME)";
				TARGETED_DEVICE_FAMILY = "1,2";
			};
			name = Release;
		};
/* End XCBuildConfiguration section */

/* Begin XCConfigurationList section */
		8959267521490ED60088FD94 /* Build configuration list for PBXProject "NHFCustomWidgets" */ = {
			isa = XCConfigurationList;
			buildConfigurations = (
				8959268E21490ED80088FD94 /* Debug */,
				8959268F21490ED80088FD94 /* Release */,
			);
			defaultConfigurationIsVisible = 0;
			defaultConfigurationName = Release;
		};
		8959269021490ED80088FD94 /* Build configuration list for PBXNativeTarget "NHFCustomWidgets" */ = {
			isa = XCConfigurationList;
			buildConfigurations = (
				8959269121490ED80088FD94 /* Debug */,
				8959269221490ED80088FD94 /* Release */,
			);
			defaultConfigurationIsVisible = 0;
			defaultConfigurationName = Release;
		};
/* End XCConfigurationList section */
	};
	rootObject = 8959267221490ED60088FD94 /* Project object */;
}
